
Microsoft Visual Studio Solution File, Format Version 12.00
# Visual Studio Version 17
VisualStudioVersion = 17.10.35122.118
MinimumVisualStudioVersion = 10.0.40219.1
Project("{9A19103F-16F7-4668-BE54-9A1E7A4F7556}") = "1-Giris", "1-Giris\1-Giris.csproj", "{A3845841-1FC4-43A4-B209-DAD5463C6E04}"
EndProject
Project("{FAE04EC0-301F-11D3-BF4B-00C04F79EFBC}") = "2_ClassOrnekler", "2_ClassOrnekler\2_ClassOrnekler.csproj", "{33B4A34F-5904-41BD-90D1-10020CC89AC1}"
EndProject
Project("{FAE04EC0-301F-11D3-BF4B-00C04F79EFBC}") = "3-Class", "3-Class\3-Class.csproj", "{C3700F50-F269-413B-92E8-380EF3247FA1}"
EndProject
Project("{FAE04EC0-301F-11D3-BF4B-00C04F79EFBC}") = "4-LibraryKullannımı", "4-LibraryKullannımı\4-LibraryKullannımı.csproj", "{9948BA54-2E8A-4BF1-B23D-79E37D98C82E}"
EndProject
Global
	GlobalSection(SolutionConfigurationPlatforms) = preSolution
		Debug|Any CPU = Debug|Any CPU
		Release|Any CPU = Release|Any CPU
	EndGlobalSection
	GlobalSection(ProjectConfigurationPlatforms) = postSolution
		{A3845841-1FC4-43A4-B209-DAD5463C6E04}.Debug|Any CPU.ActiveCfg = Debug|Any CPU
		{A3845841-1FC4-43A4-B209-DAD5463C6E04}.Debug|Any CPU.Build.0 = Debug|Any CPU
		{A3845841-1FC4-43A4-B209-DAD5463C6E04}.Release|Any CPU.ActiveCfg = Release|Any CPU
		{A3845841-1FC4-43A4-B209-DAD5463C6E04}.Release|Any CPU.Build.0 = Release|Any CPU
		{33B4A34F-5904-41BD-90D1-10020CC89AC1}.Debug|Any CPU.ActiveCfg = Debug|Any CPU
		{33B4A34F-5904-41BD-90D1-10020CC89AC1}.Debug|Any CPU.Build.0 = Debug|Any CPU
		{33B4A34F-5904-41BD-90D1-10020CC89AC1}.Release|Any CPU.ActiveCfg = Release|Any CPU
		{33B4A34F-5904-41BD-90D1-10020CC89AC1}.Release|Any CPU.Build.0 = Release|Any CPU
		{C3700F50-F269-413B-92E8-380EF3247FA1}.Debug|Any CPU.ActiveCfg = Debug|Any CPU
		{C3700F50-F269-413B-92E8-380EF3247FA1}.Debug|Any CPU.Build.0 = Debug|Any CPU
		{C3700F50-F269-413B-92E8-380EF3247FA1}.Release|Any CPU.ActiveCfg = Release|Any CPU
		{C3700F50-F269-413B-92E8-380EF3247FA1}.Release|Any CPU.Build.0 = Release|Any CPU
		{9948BA54-2E8A-4BF1-B23D-79E37D98C82E}.Debug|Any CPU.ActiveCfg = Debug|Any CPU
		{9948BA54-2E8A-4BF1-B23D-79E37D98C82E}.Debug|Any CPU.Build.0 = Debug|Any CPU
		{9948BA54-2E8A-4BF1-B23D-79E37D98C82E}.Release|Any CPU.ActiveCfg = Release|Any CPU
		{9948BA54-2E8A-4BF1-B23D-79E37D98C82E}.Release|Any CPU.Build.0 = Release|Any CPU
	EndGlobalSection
	GlobalSection(SolutionProperties) = preSolution
		HideSolutionNode = FALSE
	EndGlobalSection
	GlobalSection(ExtensibilityGlobals) = postSolution
		SolutionGuid = {B53B7F40-6503-42AE-B8D6-85423172D112}
	EndGlobalSection
EndGlobal
